
Microsoft Visual Studio Solution File, Format Version 12.00
# Visual Studio Version 16
VisualStudioVersion = 16.0.29102.190
MinimumVisualStudioVersion = 10.0.40219.1
Project("{FAE04EC0-301F-11D3-BF4B-00C04F79EFBC}") = "Cosmos", "Cosmos.csproj", "{FB6EAA20-3BD0-4F82-891F-BD9C37BFC237}"
EndProject
Global
	GlobalSection(SolutionConfigurationPlatforms) = preSolution
		Debug|Any CPU = Debug|Any CPU
		Release|Any CPU = Release|Any CPU
	EndGlobalSection
	GlobalSection(ProjectConfigurationPlatforms) = postSolution
		{FB6EAA20-3BD0-4F82-891F-BD9C37BFC237}.Debug|Any CPU.ActiveCfg = Debug|Any CPU
		{FB6EAA20-3BD0-4F82-891F-BD9C37BFC237}.Debug|Any CPU.Build.0 = Debug|Any CPU
		{FB6EAA20-3BD0-4F82-891F-BD9C37BFC237}.Release|Any CPU.ActiveCfg = Release|Any CPU
		{FB6EAA20-3BD0-4F82-891F-BD9C37BFC237}.Release|Any CPU.Build.0 = Release|Any CPU
	EndGlobalSection
	GlobalSection(SolutionProperties) = preSolution
		HideSolutionNode = FALSE
	EndGlobalSection
	GlobalSection(ExtensibilityGlobals) = postSolution
		SolutionGuid = {3311F096-F444-433B-86FF-EE7ABF140909}
	EndGlobalSection
EndGlobal
